
Microsoft Visual Studio Solution File, Format Version 12.00
# Visual Studio 15
VisualStudioVersion = 15.0.26430.16
MinimumVisualStudioVersion = 10.0.40219.1
Project("{FAE04EC0-301F-11D3-BF4B-00C04F79EFBC}") = "coffeeshop-sim", "coffeeshop-sim\coffeeshop-sim.csproj", "{D5E3DBE3-2B2E-4797-A3E0-F95EDB0700D5}"
EndProject
Global
	GlobalSection(SolutionConfigurationPlatforms) = preSolution
		Debug|Any CPU = Debug|Any CPU
		Release|Any CPU = Release|Any CPU
	EndGlobalSection
	GlobalSection(ProjectConfigurationPlatforms) = postSolution
		{D5E3DBE3-2B2E-4797-A3E0-F95EDB0700D5}.Debug|Any CPU.ActiveCfg = Debug|Any CPU
		{D5E3DBE3-2B2E-4797-A3E0-F95EDB0700D5}.Debug|Any CPU.Build.0 = Debug|Any CPU
		{D5E3DBE3-2B2E-4797-A3E0-F95EDB0700D5}.Release|Any CPU.ActiveCfg = Release|Any CPU
		{D5E3DBE3-2B2E-4797-A3E0-F95EDB0700D5}.Release|Any CPU.Build.0 = Release|Any CPU
	EndGlobalSection
	GlobalSection(SolutionProperties) = preSolution
		HideSolutionNode = FALSE
	EndGlobalSection
EndGlobal
